// !$*UTF8*$!
{
	archiveVersion = 1;
	classes = {
	};
	objectVersion = 50;
	objects = {

/* Begin PBXBuildFile section */
		2142AACC24F1683C0054DAD7 /* AppDelegate.swift in Sources */ = {isa = PBXBuildFile; fileRef = 2142AACB24F1683C0054DAD7 /* AppDelegate.swift */; };
		2142AACE24F1683C0054DAD7 /* SceneDelegate.swift in Sources */ = {isa = PBXBuildFile; fileRef = 2142AACD24F1683C0054DAD7 /* SceneDelegate.swift */; };
		2142AAD024F1683C0054DAD7 /* MovieListViewController.swift in Sources */ = {isa = PBXBuildFile; fileRef = 2142AACF24F1683C0054DAD7 /* MovieListViewController.swift */; };
		2142AAD324F1683C0054DAD7 /* Main.storyboard in Resources */ = {isa = PBXBuildFile; fileRef = 2142AAD124F1683C0054DAD7 /* Main.storyboard */; };
		2142AAD524F1683F0054DAD7 /* Assets.xcassets in Resources */ = {isa = PBXBuildFile; fileRef = 2142AAD424F1683F0054DAD7 /* Assets.xcassets */; };
		2142AAD824F1683F0054DAD7 /* LaunchScreen.storyboard in Resources */ = {isa = PBXBuildFile; fileRef = 2142AAD624F1683F0054DAD7 /* LaunchScreen.storyboard */; };
		2142AAE324F1683F0054DAD7 /* MovieMage02Tests.swift in Sources */ = {isa = PBXBuildFile; fileRef = 2142AAE224F1683F0054DAD7 /* MovieMage02Tests.swift */; };
/* End PBXBuildFile section */

/* Begin PBXContainerItemProxy section */
		2142AADF24F1683F0054DAD7 /* PBXContainerItemProxy */ = {
			isa = PBXContainerItemProxy;
			containerPortal = 2142AAC024F1683C0054DAD7 /* Project object */;
			proxyType = 1;
			remoteGlobalIDString = 2142AAC724F1683C0054DAD7;
			remoteInfo = MovieMage02;
		};
/* End PBXContainerItemProxy section */

/* Begin PBXFileReference section */
		2142AAC824F1683C0054DAD7 /* MovieMage02.app */ = {isa = PBXFileReference; explicitFileType = wrapper.application; includeInIndex = 0; path = MovieMage02.app; sourceTree = BUILT_PRODUCTS_DIR; };
		2142AACB24F1683C0054DAD7 /* AppDelegate.swift */ = {isa = PBXFileReference; lastKnownFileType = sourcecode.swift; path = AppDelegate.swift; sourceTree = "<group>"; };
		2142AACD24F1683C0054DAD7 /* SceneDelegate.swift */ = {isa = PBXFileReference; lastKnownFileType = sourcecode.swift; path = SceneDelegate.swift; sourceTree = "<group>"; };
		2142AACF24F1683C0054DAD7 /* MovieListViewController.swift */ = {isa = PBXFileReference; lastKnownFileType = sourcecode.swift; path = MovieListViewController.swift; sourceTree = "<group>"; };
		2142AAD224F1683C0054DAD7 /* Base */ = {isa = PBXFileReference; lastKnownFileType = file.storyboard; name = Base; path = Base.lproj/Main.storyboard; sourceTree = "<group>"; };
		2142AAD424F1683F0054DAD7 /* Assets.xcassets */ = {isa = PBXFileReference; lastKnownFileType = folder.assetcatalog; path = Assets.xcassets; sourceTree = "<group>"; };
		2142AAD724F1683F0054DAD7 /* Base */ = {isa = PBXFileReference; lastKnownFileType = file.storyboard; name = Base; path = Base.lproj/LaunchScreen.storyboard; sourceTree = "<group>"; };
		2142AAD924F1683F0054DAD7 /* Info.plist */ = {isa = PBXFileReference; lastKnownFileType = text.plist.xml; path = Info.plist; sourceTree = "<group>"; };
		2142AADE24F1683F0054DAD7 /* MovieMage02Tests.xctest */ = {isa = PBXFileReference; explicitFileType = wrapper.cfbundle; includeInIndex = 0; path = MovieMage02Tests.xctest; sourceTree = BUILT_PRODUCTS_DIR; };
		2142AAE224F1683F0054DAD7 /* MovieMage02Tests.swift */ = {isa = PBXFileReference; lastKnownFileType = sourcecode.swift; path = MovieMage02Tests.swift; sourceTree = "<group>"; };
		2142AAE424F1683F0054DAD7 /* Info.plist */ = {isa = PBXFileReference; lastKnownFileType = text.plist.xml; path = Info.plist; sourceTree = "<group>"; };
/* End PBXFileReference section */

/* Begin PBXFrameworksBuildPhase section */
		2142AAC524F1683C0054DAD7 /* Frameworks */ = {
			isa = PBXFrameworksBuildPhase;
			buildActionMask = 2147483647;
			files = (
			);
			runOnlyForDeploymentPostprocessing = 0;
		};
		2142AADB24F1683F0054DAD7 /* Frameworks */ = {
			isa = PBXFrameworksBuildPhase;
			buildActionMask = 2147483647;
			files = (
			);
			runOnlyForDeploymentPostprocessing = 0;
		};
/* End PBXFrameworksBuildPhase section */

/* Begin PBXGroup section */
		2142AABF24F1683C0054DAD7 = {
			isa = PBXGroup;
			children = (
				2142AACA24F1683C0054DAD7 /* MovieMage02 */,
				2142AAE124F1683F0054DAD7 /* MovieMage02Tests */,
				2142AAC924F1683C0054DAD7 /* Products */,
			);
			sourceTree = "<group>";
		};
		2142AAC924F1683C0054DAD7 /* Products */ = {
			isa = PBXGroup;
			children = (
				2142AAC824F1683C0054DAD7 /* MovieMage02.app */,
				2142AADE24F1683F0054DAD7 /* MovieMage02Tests.xctest */,
			);
			name = Products;
			sourceTree = "<group>";
		};
		2142AACA24F1683C0054DAD7 /* MovieMage02 */ = {
			isa = PBXGroup;
			children = (
				2142AACB24F1683C0054DAD7 /* AppDelegate.swift */,
				2142AACD24F1683C0054DAD7 /* SceneDelegate.swift */,
				2142AAD924F1683F0054DAD7 /* Info.plist */,
				2142AAEF24F175AC0054DAD7 /* Models */,
				2142AAF024F175C30054DAD7 /* NetworkManager */,
				2142AAF224F176350054DAD7 /* Resources */,
				2142AAF124F175F60054DAD7 /* Storyboards */,
				2142AAED24F1754C0054DAD7 /* ViewControllers */,
				2142AAEE24F175840054DAD7 /* ViewModels */,
			);
			path = MovieMage02;
			sourceTree = "<group>";
		};
		2142AAE124F1683F0054DAD7 /* MovieMage02Tests */ = {
			isa = PBXGroup;
			children = (
				2142AAE224F1683F0054DAD7 /* MovieMage02Tests.swift */,
				2142AAE424F1683F0054DAD7 /* Info.plist */,
			);
			path = MovieMage02Tests;
			sourceTree = "<group>";
		};
		2142AAED24F1754C0054DAD7 /* ViewControllers */ = {
			isa = PBXGroup;
			children = (
				2142AACF24F1683C0054DAD7 /* MovieListViewController.swift */,
			);
			path = ViewControllers;
			sourceTree = "<group>";
		};
		2142AAEE24F175840054DAD7 /* ViewModels */ = {
			isa = PBXGroup;
			children = (
			);
			path = ViewModels;
			sourceTree = "<group>";
		};
		2142AAEF24F175AC0054DAD7 /* Models */ = {
			isa = PBXGroup;
			children = (
			);
			path = Models;
			sourceTree = "<group>";
		};
		2142AAF024F175C30054DAD7 /* NetworkManager */ = {
			isa = PBXGroup;
			children = (
			);
			path = NetworkManager;
			sourceTree = "<group>";
		};
		2142AAF124F175F60054DAD7 /* Storyboards */ = {
			isa = PBXGroup;
			children = (
				2142AAD624F1683F0054DAD7 /* LaunchScreen.storyboard */,
				2142AAD124F1683C0054DAD7 /* Main.storyboard */,
			);
			path = Storyboards;
			sourceTree = "<group>";
		};
		2142AAF224F176350054DAD7 /* Resources */ = {
			isa = PBXGroup;
			children = (
				2142AAD424F1683F0054DAD7 /* Assets.xcassets */,
			);
			path = Resources;
			sourceTree = "<group>";
		};
/* End PBXGroup section */

/* Begin PBXNativeTarget section */
		2142AAC724F1683C0054DAD7 /* MovieMage02 */ = {
			isa = PBXNativeTarget;
			buildConfigurationList = 2142AAE724F1683F0054DAD7 /* Build configuration list for PBXNativeTarget "MovieMage02" */;
			buildPhases = (
				2142AAC424F1683C0054DAD7 /* Sources */,
				2142AAC524F1683C0054DAD7 /* Frameworks */,
				2142AAC624F1683C0054DAD7 /* Resources */,
			);
			buildRules = (
			);
			dependencies = (
			);
			name = MovieMage02;
			productName = MovieMage02;
			productReference = 2142AAC824F1683C0054DAD7 /* MovieMage02.app */;
			productType = "com.apple.product-type.application";
		};
		2142AADD24F1683F0054DAD7 /* MovieMage02Tests */ = {
			isa = PBXNativeTarget;
			buildConfigurationList = 2142AAEA24F1683F0054DAD7 /* Build configuration list for PBXNativeTarget "MovieMage02Tests" */;
			buildPhases = (
				2142AADA24F1683F0054DAD7 /* Sources */,
				2142AADB24F1683F0054DAD7 /* Frameworks */,
				2142AADC24F1683F0054DAD7 /* Resources */,
			);
			buildRules = (
			);
			dependencies = (
				2142AAE024F1683F0054DAD7 /* PBXTargetDependency */,
			);
			name = MovieMage02Tests;
			productName = MovieMage02Tests;
			productReference = 2142AADE24F1683F0054DAD7 /* MovieMage02Tests.xctest */;
			productType = "com.apple.product-type.bundle.unit-test";
		};
/* End PBXNativeTarget section */

/* Begin PBXProject section */
		2142AAC024F1683C0054DAD7 /* Project object */ = {
			isa = PBXProject;
			attributes = {
				LastSwiftUpdateCheck = 1160;
				LastUpgradeCheck = 1160;
				ORGANIZATIONNAME = "clarity for action";
				TargetAttributes = {
					2142AAC724F1683C0054DAD7 = {
						CreatedOnToolsVersion = 11.6;
					};
					2142AADD24F1683F0054DAD7 = {
						CreatedOnToolsVersion = 11.6;
						TestTargetID = 2142AAC724F1683C0054DAD7;
					};
				};
			};
			buildConfigurationList = 2142AAC324F1683C0054DAD7 /* Build configuration list for PBXProject "MovieMage02" */;
			compatibilityVersion = "Xcode 9.3";
			developmentRegion = en;
			hasScannedForEncodings = 0;
			knownRegions = (
				en,
				Base,
			);
			mainGroup = 2142AABF24F1683C0054DAD7;
			productRefGroup = 2142AAC924F1683C0054DAD7 /* Products */;
			projectDirPath = "";
			projectRoot = "";
			targets = (
				2142AAC724F1683C0054DAD7 /* MovieMage02 */,
				2142AADD24F1683F0054DAD7 /* MovieMage02Tests */,
			);
		};
/* End PBXProject section */

/* Begin PBXResourcesBuildPhase section */
		2142AAC624F1683C0054DAD7 /* Resources */ = {
			isa = PBXResourcesBuildPhase;
			buildActionMask = 2147483647;
			files = (
				2142AAD824F1683F0054DAD7 /* LaunchScreen.storyboard in Resources */,
				2142AAD524F1683F0054DAD7 /* Assets.xcassets in Resources */,
				2142AAD324F1683C0054DAD7 /* Main.storyboard in Resources */,
			);
			runOnlyForDeploymentPostprocessing = 0;
		};
		2142AADC24F1683F0054DAD7 /* Resources */ = {
			isa = PBXResourcesBuildPhase;
			buildActionMask = 2147483647;
			files = (
			);
			runOnlyForDeploymentPostprocessing = 0;
		};
/* End PBXResourcesBuildPhase section */

/* Begin PBXSourcesBuildPhase section */
		2142AAC424F1683C0054DAD7 /* Sources */ = {
			isa = PBXSourcesBuildPhase;
			buildActionMask = 2147483647;
			files = (
				2142AAD024F1683C0054DAD7 /* MovieListViewController.swift in Sources */,
				2142AACC24F1683C0054DAD7 /* AppDelegate.swift in Sources */,
				2142AACE24F1683C0054DAD7 /* SceneDelegate.swift in Sources */,
			);
			runOnlyForDeploymentPostprocessing = 0;
		};
		2142AADA24F1683F0054DAD7 /* Sources */ = {
			isa = PBXSourcesBuildPhase;
			buildActionMask = 2147483647;
			files = (
				2142AAE324F1683F0054DAD7 /* MovieMage02Tests.swift in Sources */,
			);
			runOnlyForDeploymentPostprocessing = 0;
		};
/* End PBXSourcesBuildPhase section */

/* Begin PBXTargetDependency section */
		2142AAE024F1683F0054DAD7 /* PBXTargetDependency */ = {
			isa = PBXTargetDependency;
			target = 2142AAC724F1683C0054DAD7 /* MovieMage02 */;
			targetProxy = 2142AADF24F1683F0054DAD7 /* PBXContainerItemProxy */;
		};
/* End PBXTargetDependency section */

/* Begin PBXVariantGroup section */
		2142AAD124F1683C0054DAD7 /* Main.storyboard */ = {
			isa = PBXVariantGroup;
			children = (
				2142AAD224F1683C0054DAD7 /* Base */,
			);
			name = Main.storyboard;
			sourceTree = "<group>";
		};
		2142AAD624F1683F0054DAD7 /* LaunchScreen.storyboard */ = {
			isa = PBXVariantGroup;
			children = (
				2142AAD724F1683F0054DAD7 /* Base */,
			);
			name = LaunchScreen.storyboard;
			sourceTree = "<group>";
		};
/* End PBXVariantGroup section */

/* Begin XCBuildConfiguration section */
		2142AAE524F1683F0054DAD7 /* Debug */ = {
			isa = XCBuildConfiguration;
			buildSettings = {
				ALWAYS_SEARCH_USER_PATHS = NO;
				CLANG_ANALYZER_NONNULL = YES;
				CLANG_ANALYZER_NUMBER_OBJECT_CONVERSION = YES_AGGRESSIVE;
				CLANG_CXX_LANGUAGE_STANDARD = "gnu++14";
				CLANG_CXX_LIBRARY = "libc++";
				CLANG_ENABLE_MODULES = YES;
				CLANG_ENABLE_OBJC_ARC = YES;
				CLANG_ENABLE_OBJC_WEAK = YES;
				CLANG_WARN_BLOCK_CAPTURE_AUTORELEASING = YES;
				CLANG_WARN_BOOL_CONVERSION = YES;
				CLANG_WARN_COMMA = YES;
				CLANG_WARN_CONSTANT_CONVERSION = YES;
				CLANG_WARN_DEPRECATED_OBJC_IMPLEMENTATIONS = YES;
				CLANG_WARN_DIRECT_OBJC_ISA_USAGE = YES_ERROR;
				CLANG_WARN_DOCUMENTATION_COMMENTS = YES;
				CLANG_WARN_EMPTY_BODY = YES;
				CLANG_WARN_ENUM_CONVERSION = YES;
				CLANG_WARN_INFINITE_RECURSION = YES;
				CLANG_WARN_INT_CONVERSION = YES;
				CLANG_WARN_NON_LITERAL_NULL_CONVERSION = YES;
				CLANG_WARN_OBJC_IMPLICIT_RETAIN_SELF = YES;
				CLANG_WARN_OBJC_LITERAL_CONVERSION = YES;
				CLANG_WARN_OBJC_ROOT_CLASS = YES_ERROR;
				CLANG_WARN_RANGE_LOOP_ANALYSIS = YES;
				CLANG_WARN_STRICT_PROTOTYPES = YES;
				CLANG_WARN_SUSPICIOUS_MOVE = YES;
				CLANG_WARN_UNGUARDED_AVAILABILITY = YES_AGGRESSIVE;
				CLANG_WARN_UNREACHABLE_CODE = YES;
				CLANG_WARN__DUPLICATE_METHOD_MATCH = YES;
				COPY_PHASE_STRIP = NO;
				DEBUG_INFORMATION_FORMAT = dwarf;
				ENABLE_STRICT_OBJC_MSGSEND = YES;
				ENABLE_TESTABILITY = YES;
				GCC_C_LANGUAGE_STANDARD = gnu11;
				GCC_DYNAMIC_NO_PIC = NO;
				GCC_NO_COMMON_BLOCKS = YES;
				GCC_OPTIMIZATION_LEVEL = 0;
				GCC_PREPROCESSOR_DEFINITIONS = (
					"DEBUG=1",
					"$(inherited)",
				);
				GCC_WARN_64_TO_32_BIT_CONVERSION = YES;
				GCC_WARN_ABOUT_RETURN_TYPE = YES_ERROR;
				GCC_WARN_UNDECLARED_SELECTOR = YES;
				GCC_WARN_UNINITIALIZED_AUTOS = YES_AGGRESSIVE;
				GCC_WARN_UNUSED_FUNCTION = YES;
				GCC_WARN_UNUSED_VARIABLE = YES;
				IPHONEOS_DEPLOYMENT_TARGET = 13.6;
				MTL_ENABLE_DEBUG_INFO = INCLUDE_SOURCE;
				MTL_FAST_MATH = YES;
				ONLY_ACTIVE_ARCH = YES;
				SDKROOT = iphoneos;
				SWIFT_ACTIVE_COMPILATION_CONDITIONS = DEBUG;
				SWIFT_OPTIMIZATION_LEVEL = "-Onone";
			};
			name = Debug;
		};
		2142AAE624F1683F0054DAD7 /* Release */ = {
			isa = XCBuildConfiguration;
			buildSettings = {
				ALWAYS_SEARCH_USER_PATHS = NO;
				CLANG_ANALYZER_NONNULL = YES;
				CLANG_ANALYZER_NUMBER_OBJECT_CONVERSION = YES_AGGRESSIVE;
				CLANG_CXX_LANGUAGE_STANDARD = "gnu++14";
				CLANG_CXX_LIBRARY = "libc++";
				CLANG_ENABLE_MODULES = YES;
				CLANG_ENABLE_OBJC_ARC = YES;
				CLANG_ENABLE_OBJC_WEAK = YES;
				CLANG_WARN_BLOCK_CAPTURE_AUTORELEASING = YES;
				CLANG_WARN_BOOL_CONVERSION = YES;
				CLANG_WARN_COMMA = YES;
				CLANG_WARN_CONSTANT_CONVERSION = YES;
				CLANG_WARN_DEPRECATED_OBJC_IMPLEMENTATIONS = YES;
				CLANG_WARN_DIRECT_OBJC_ISA_USAGE = YES_ERROR;
				CLANG_WARN_DOCUMENTATION_COMMENTS = YES;
				CLANG_WARN_EMPTY_BODY = YES;
				CLANG_WARN_ENUM_CONVERSION = YES;
				CLANG_WARN_INFINITE_RECURSION = YES;
				CLANG_WARN_INT_CONVERSION = YES;
				CLANG_WARN_NON_LITERAL_NULL_CONVERSION = YES;
				CLANG_WARN_OBJC_IMPLICIT_RETAIN_SELF = YES;
				CLANG_WARN_OBJC_LITERAL_CONVERSION = YES;
				CLANG_WARN_OBJC_ROOT_CLASS = YES_ERROR;
				CLANG_WARN_RANGE_LOOP_ANALYSIS = YES;
				CLANG_WARN_STRICT_PROTOTYPES = YES;
				CLANG_WARN_SUSPICIOUS_MOVE = YES;
				CLANG_WARN_UNGUARDED_AVAILABILITY = YES_AGGRESSIVE;
				CLANG_WARN_UNREACHABLE_CODE = YES;
				CLANG_WARN__DUPLICATE_METHOD_MATCH = YES;
				COPY_PHASE_STRIP = NO;
				DEBUG_INFORMATION_FORMAT = "dwarf-with-dsym";
				ENABLE_NS_ASSERTIONS = NO;
				ENABLE_STRICT_OBJC_MSGSEND = YES;
				GCC_C_LANGUAGE_STANDARD = gnu11;
				GCC_NO_COMMON_BLOCKS = YES;
				GCC_WARN_64_TO_32_BIT_CONVERSION = YES;
				GCC_WARN_ABOUT_RETURN_TYPE = YES_ERROR;
				GCC_WARN_UNDECLARED_SELECTOR = YES;
				GCC_WARN_UNINITIALIZED_AUTOS = YES_AGGRESSIVE;
				GCC_WARN_UNUSED_FUNCTION = YES;
				GCC_WARN_UNUSED_VARIABLE = YES;
				IPHONEOS_DEPLOYMENT_TARGET = 13.6;
				MTL_ENABLE_DEBUG_INFO = NO;
				MTL_FAST_MATH = YES;
				SDKROOT = iphoneos;
				SWIFT_COMPILATION_MODE = wholemodule;
				SWIFT_OPTIMIZATION_LEVEL = "-O";
				VALIDATE_PRODUCT = YES;
			};
			name = Release;
		};
		2142AAE824F1683F0054DAD7 /* Debug */ = {
			isa = XCBuildConfiguration;
			buildSettings = {
				ASSETCATALOG_COMPILER_APPICON_NAME = AppIcon;
				CODE_SIGN_STYLE = Automatic;
				DEVELOPMENT_TEAM = ZZJUSPY743;
				INFOPLIST_FILE = MovieMage02/Info.plist;
				IPHONEOS_DEPLOYMENT_TARGET = 13.0;
				LD_RUNPATH_SEARCH_PATHS = (
					"$(inherited)",
					"@executable_path/Frameworks",
				);
				PRODUCT_BUNDLE_IDENTIFIER = com.clarityforaction.MovieMage02;
				PRODUCT_NAME = "$(TARGET_NAME)";
				SWIFT_VERSION = 5.0;
				TARGETED_DEVICE_FAMILY = "1,2";
			};
			name = Debug;
		};
		2142AAE924F1683F0054DAD7 /* Release */ = {
			isa = XCBuildConfiguration;
			buildSettings = {
				ASSETCATALOG_COMPILER_APPICON_NAME = AppIcon;
				CODE_SIGN_STYLE = Automatic;
				DEVELOPMENT_TEAM = ZZJUSPY743;
				INFOPLIST_FILE = MovieMage02/Info.plist;
				IPHONEOS_DEPLOYMENT_TARGET = 13.0;
				LD_RUNPATH_SEARCH_PATHS = (
					"$(inherited)",
					"@executable_path/Frameworks",
				);
				PRODUCT_BUNDLE_IDENTIFIER = com.clarityforaction.MovieMage02;
				PRODUCT_NAME = "$(TARGET_NAME)";
				SWIFT_VERSION = 5.0;
				TARGETED_DEVICE_FAMILY = "1,2";
			};
			name = Release;
		};
		2142AAEB24F1683F0054DAD7 /* Debug */ = {
			isa = XCBuildConfiguration;
			buildSettings = {
				ALWAYS_EMBED_SWIFT_STANDARD_LIBRARIES = YES;
				BUNDLE_LOADER = "$(TEST_HOST)";
				CODE_SIGN_STYLE = Automatic;
				DEVELOPMENT_TEAM = ZZJUSPY743;
				INFOPLIST_FILE = MovieMage02Tests/Info.plist;
				IPHONEOS_DEPLOYMENT_TARGET = 13.6;
				LD_RUNPATH_SEARCH_PATHS = (
					"$(inherited)",
					"@executable_path/Frameworks",
					"@loader_path/Frameworks",
				);
				PRODUCT_BUNDLE_IDENTIFIER = com.clarityforaction.MovieMage02Tests;
				PRODUCT_NAME = "$(TARGET_NAME)";
				SWIFT_VERSION = 5.0;
				TARGETED_DEVICE_FAMILY = "1,2";
				TEST_HOST = "$(BUILT_PRODUCTS_DIR)/MovieMage02.app/MovieMage02";
			};
			name = Debug;
		};
		2142AAEC24F1683F0054DAD7 /* Release */ = {
			isa = XCBuildConfiguration;
			buildSettings = {
				ALWAYS_EMBED_SWIFT_STANDARD_LIBRARIES = YES;
				BUNDLE_LOADER = "$(TEST_HOST)";
				CODE_SIGN_STYLE = Automatic;
				DEVELOPMENT_TEAM = ZZJUSPY743;
				INFOPLIST_FILE = MovieMage02Tests/Info.plist;
				IPHONEOS_DEPLOYMENT_TARGET = 13.6;
				LD_RUNPATH_SEARCH_PATHS = (
					"$(inherited)",
					"@executable_path/Frameworks",
					"@loader_path/Frameworks",
				);
				PRODUCT_BUNDLE_IDENTIFIER = com.clarityforaction.MovieMage02Tests;
				PRODUCT_NAME = "$(TARGET_NAME)";
				SWIFT_VERSION = 5.0;
				TARGETED_DEVICE_FAMILY = "1,2";
				TEST_HOST = "$(BUILT_PRODUCTS_DIR)/MovieMage02.app/MovieMage02";
			};
			name = Release;
		};
/* End XCBuildConfiguration section */

/* Begin XCConfigurationList section */
		2142AAC324F1683C0054DAD7 /* Build configuration list for PBXProject "MovieMage02" */ = {
			isa = XCConfigurationList;
			buildConfigurations = (
				2142AAE524F1683F0054DAD7 /* Debug */,
				2142AAE624F1683F0054DAD7 /* Release */,
			);
			defaultConfigurationIsVisible = 0;
			defaultConfigurationName = Release;
		};
		2142AAE724F1683F0054DAD7 /* Build configuration list for PBXNativeTarget "MovieMage02" */ = {
			isa = XCConfigurationList;
			buildConfigurations = (
				2142AAE824F1683F0054DAD7 /* Debug */,
				2142AAE924F1683F0054DAD7 /* Release */,
			);
			defaultConfigurationIsVisible = 0;
			defaultConfigurationName = Release;
		};
		2142AAEA24F1683F0054DAD7 /* Build configuration list for PBXNativeTarget "MovieMage02Tests" */ = {
			isa = XCConfigurationList;
			buildConfigurations = (
				2142AAEB24F1683F0054DAD7 /* Debug */,
				2142AAEC24F1683F0054DAD7 /* Release */,
			);
			defaultConfigurationIsVisible = 0;
			defaultConfigurationName = Release;
		};
/* End XCConfigurationList section */
	};
	rootObject = 2142AAC024F1683C0054DAD7 /* Project object */;
}
